
Microsoft Visual Studio Solution File, Format Version 12.00
# Visual Studio 15
VisualStudioVersion = 15.0.27004.2010
MinimumVisualStudioVersion = 10.0.40219.1
Project("{FAE04EC0-301F-11D3-BF4B-00C04F79EFBC}") = "AtAzure.Api.Amigos", "AtAzure.Api.Amigos\AtAzure.Api.Amigos.csproj", "{33141321-B6D8-428D-9C42-F98A9543DF2B}"
EndProject
Project("{FAE04EC0-301F-11D3-BF4B-00C04F79EFBC}") = "AtAzure.Api.Paises", "AtAzure.Api.Paises\AtAzure.Api.Paises.csproj", "{C570037B-4E2E-40B8-A116-486F8A0F9CFF}"
EndProject
Project("{FAE04EC0-301F-11D3-BF4B-00C04F79EFBC}") = "AtAzure.Mvc", "AtAzure.Mvc\AtAzure.Mvc.csproj", "{139222C7-9B38-4ABA-BA7A-4696F002FE6B}"
EndProject
Global
	GlobalSection(SolutionConfigurationPlatforms) = preSolution
		Debug|Any CPU = Debug|Any CPU
		Release|Any CPU = Release|Any CPU
	EndGlobalSection
	GlobalSection(ProjectConfigurationPlatforms) = postSolution
		{33141321-B6D8-428D-9C42-F98A9543DF2B}.Debug|Any CPU.ActiveCfg = Debug|Any CPU
		{33141321-B6D8-428D-9C42-F98A9543DF2B}.Debug|Any CPU.Build.0 = Debug|Any CPU
		{33141321-B6D8-428D-9C42-F98A9543DF2B}.Release|Any CPU.ActiveCfg = Release|Any CPU
		{33141321-B6D8-428D-9C42-F98A9543DF2B}.Release|Any CPU.Build.0 = Release|Any CPU
		{C570037B-4E2E-40B8-A116-486F8A0F9CFF}.Debug|Any CPU.ActiveCfg = Debug|Any CPU
		{C570037B-4E2E-40B8-A116-486F8A0F9CFF}.Debug|Any CPU.Build.0 = Debug|Any CPU
		{C570037B-4E2E-40B8-A116-486F8A0F9CFF}.Release|Any CPU.ActiveCfg = Release|Any CPU
		{C570037B-4E2E-40B8-A116-486F8A0F9CFF}.Release|Any CPU.Build.0 = Release|Any CPU
		{139222C7-9B38-4ABA-BA7A-4696F002FE6B}.Debug|Any CPU.ActiveCfg = Debug|Any CPU
		{139222C7-9B38-4ABA-BA7A-4696F002FE6B}.Debug|Any CPU.Build.0 = Debug|Any CPU
		{139222C7-9B38-4ABA-BA7A-4696F002FE6B}.Release|Any CPU.ActiveCfg = Release|Any CPU
		{139222C7-9B38-4ABA-BA7A-4696F002FE6B}.Release|Any CPU.Build.0 = Release|Any CPU
	EndGlobalSection
	GlobalSection(SolutionProperties) = preSolution
		HideSolutionNode = FALSE
	EndGlobalSection
	GlobalSection(ExtensibilityGlobals) = postSolution
		SolutionGuid = {28D367FA-0E6A-47F5-8C78-C4B8268965D3}
	EndGlobalSection
EndGlobal
